
Microsoft Visual Studio Solution File, Format Version 11.00
# Visual Studio 2010
Project("{FAE04EC0-301F-11D3-BF4B-00C04F79EFBC}") = "ShowChart", "ShowChart\ShowChart.csproj", "{A9527E6E-DCCC-43CA-A7A7-3519D6E90174}"
EndProject
Project("{54435603-DBB4-11D2-8724-00A0C9A8B90C}") = "Setup1", "Setup1\Setup1.vdproj", "{6442AB14-FF14-4AE1-8F7C-1ADD2AC78D44}"
EndProject
Global
	GlobalSection(SolutionConfigurationPlatforms) = preSolution
		Debug|x86 = Debug|x86
		Release|x86 = Release|x86
	EndGlobalSection
	GlobalSection(ProjectConfigurationPlatforms) = postSolution
		{A9527E6E-DCCC-43CA-A7A7-3519D6E90174}.Debug|x86.ActiveCfg = Debug|x86
		{A9527E6E-DCCC-43CA-A7A7-3519D6E90174}.Debug|x86.Build.0 = Debug|x86
		{A9527E6E-DCCC-43CA-A7A7-3519D6E90174}.Release|x86.ActiveCfg = Release|x86
		{A9527E6E-DCCC-43CA-A7A7-3519D6E90174}.Release|x86.Build.0 = Release|x86
		{6442AB14-FF14-4AE1-8F7C-1ADD2AC78D44}.Debug|x86.ActiveCfg = Debug
		{6442AB14-FF14-4AE1-8F7C-1ADD2AC78D44}.Release|x86.ActiveCfg = Release
	EndGlobalSection
	GlobalSection(SolutionProperties) = preSolution
		HideSolutionNode = FALSE
	EndGlobalSection
EndGlobal
